
Microsoft Visual Studio Solution File, Format Version 12.00
# Visual Studio Version 16
VisualStudioVersion = 16.0.32802.440
MinimumVisualStudioVersion = 10.0.40219.1
Project("{FAE04EC0-301F-11D3-BF4B-00C04F79EFBC}") = "EX7 PB", "EX7 PB.csproj", "{F5C501A8-FBAF-4705-8639-AC2BEC69F69C}"
EndProject
Global
	GlobalSection(SolutionConfigurationPlatforms) = preSolution
		Debug|Any CPU = Debug|Any CPU
		Release|Any CPU = Release|Any CPU
	EndGlobalSection
	GlobalSection(ProjectConfigurationPlatforms) = postSolution
		{F5C501A8-FBAF-4705-8639-AC2BEC69F69C}.Debug|Any CPU.ActiveCfg = Debug|Any CPU
		{F5C501A8-FBAF-4705-8639-AC2BEC69F69C}.Debug|Any CPU.Build.0 = Debug|Any CPU
		{F5C501A8-FBAF-4705-8639-AC2BEC69F69C}.Release|Any CPU.ActiveCfg = Release|Any CPU
		{F5C501A8-FBAF-4705-8639-AC2BEC69F69C}.Release|Any CPU.Build.0 = Release|Any CPU
	EndGlobalSection
	GlobalSection(SolutionProperties) = preSolution
		HideSolutionNode = FALSE
	EndGlobalSection
	GlobalSection(ExtensibilityGlobals) = postSolution
		SolutionGuid = {45F1A324-F6E0-40C1-9E92-BF260B98A0F5}
	EndGlobalSection
EndGlobal
