
Microsoft Visual Studio Solution File, Format Version 12.00
# Visual Studio Version 17
VisualStudioVersion = 17.3.32804.467
MinimumVisualStudioVersion = 10.0.40219.1
Project("{FAE04EC0-301F-11D3-BF4B-00C04F79EFBC}") = "EX3", "EX3\EX3.csproj", "{30D191F8-094B-4B83-8E0F-3C470FC81BC8}"
EndProject
Global
	GlobalSection(SolutionConfigurationPlatforms) = preSolution
		Debug|Any CPU = Debug|Any CPU
		Release|Any CPU = Release|Any CPU
	EndGlobalSection
	GlobalSection(ProjectConfigurationPlatforms) = postSolution
		{30D191F8-094B-4B83-8E0F-3C470FC81BC8}.Debug|Any CPU.ActiveCfg = Debug|Any CPU
		{30D191F8-094B-4B83-8E0F-3C470FC81BC8}.Debug|Any CPU.Build.0 = Debug|Any CPU
		{30D191F8-094B-4B83-8E0F-3C470FC81BC8}.Release|Any CPU.ActiveCfg = Release|Any CPU
		{30D191F8-094B-4B83-8E0F-3C470FC81BC8}.Release|Any CPU.Build.0 = Release|Any CPU
	EndGlobalSection
	GlobalSection(SolutionProperties) = preSolution
		HideSolutionNode = FALSE
	EndGlobalSection
	GlobalSection(ExtensibilityGlobals) = postSolution
		SolutionGuid = {D7ECDE27-FB79-4049-A757-C0AA05B04F5F}
	EndGlobalSection
EndGlobal
